
Microsoft Visual Studio Solution File, Format Version 12.00
# Visual Studio Version 16
VisualStudioVersion = 16.0.31613.86
MinimumVisualStudioVersion = 10.0.40219.1
Project("{FAE04EC0-301F-11D3-BF4B-00C04F79EFBC}") = "HomeWorldTranslate", "HomeWorldTranslate\HomeWorldTranslate.csproj", "{0ACA3286-A8EF-485E-A5EE-168E9B9CDC71}"
EndProject
Project("{FAE04EC0-301F-11D3-BF4B-00C04F79EFBC}") = "JsonCore", "JsonCore\JsonCore.csproj", "{05A67774-A0E0-4C3C-AA2A-76AAD59B60AA}"
EndProject
Global
	GlobalSection(SolutionConfigurationPlatforms) = preSolution
		Debug|Any CPU = Debug|Any CPU
		Debug|x64 = Debug|x64
		Debug|x86 = Debug|x86
		Release|Any CPU = Release|Any CPU
		Release|x64 = Release|x64
		Release|x86 = Release|x86
	EndGlobalSection
	GlobalSection(ProjectConfigurationPlatforms) = postSolution
		{0ACA3286-A8EF-485E-A5EE-168E9B9CDC71}.Debug|Any CPU.ActiveCfg = Debug|Any CPU
		{0ACA3286-A8EF-485E-A5EE-168E9B9CDC71}.Debug|Any CPU.Build.0 = Debug|Any CPU
		{0ACA3286-A8EF-485E-A5EE-168E9B9CDC71}.Debug|x64.ActiveCfg = Debug|Any CPU
		{0ACA3286-A8EF-485E-A5EE-168E9B9CDC71}.Debug|x64.Build.0 = Debug|Any CPU
		{0ACA3286-A8EF-485E-A5EE-168E9B9CDC71}.Debug|x86.ActiveCfg = Debug|Any CPU
		{0ACA3286-A8EF-485E-A5EE-168E9B9CDC71}.Debug|x86.Build.0 = Debug|Any CPU
		{0ACA3286-A8EF-485E-A5EE-168E9B9CDC71}.Release|Any CPU.ActiveCfg = Release|Any CPU
		{0ACA3286-A8EF-485E-A5EE-168E9B9CDC71}.Release|Any CPU.Build.0 = Release|Any CPU
		{0ACA3286-A8EF-485E-A5EE-168E9B9CDC71}.Release|x64.ActiveCfg = Release|Any CPU
		{0ACA3286-A8EF-485E-A5EE-168E9B9CDC71}.Release|x64.Build.0 = Release|Any CPU
		{0ACA3286-A8EF-485E-A5EE-168E9B9CDC71}.Release|x86.ActiveCfg = Release|Any CPU
		{0ACA3286-A8EF-485E-A5EE-168E9B9CDC71}.Release|x86.Build.0 = Release|Any CPU
		{05A67774-A0E0-4C3C-AA2A-76AAD59B60AA}.Debug|Any CPU.ActiveCfg = Debug|Any CPU
		{05A67774-A0E0-4C3C-AA2A-76AAD59B60AA}.Debug|Any CPU.Build.0 = Debug|Any CPU
		{05A67774-A0E0-4C3C-AA2A-76AAD59B60AA}.Debug|x64.ActiveCfg = Debug|Any CPU
		{05A67774-A0E0-4C3C-AA2A-76AAD59B60AA}.Debug|x64.Build.0 = Debug|Any CPU
		{05A67774-A0E0-4C3C-AA2A-76AAD59B60AA}.Debug|x86.ActiveCfg = Debug|Any CPU
		{05A67774-A0E0-4C3C-AA2A-76AAD59B60AA}.Debug|x86.Build.0 = Debug|Any CPU
		{05A67774-A0E0-4C3C-AA2A-76AAD59B60AA}.Release|Any CPU.ActiveCfg = Release|Any CPU
		{05A67774-A0E0-4C3C-AA2A-76AAD59B60AA}.Release|Any CPU.Build.0 = Release|Any CPU
		{05A67774-A0E0-4C3C-AA2A-76AAD59B60AA}.Release|x64.ActiveCfg = Release|Any CPU
		{05A67774-A0E0-4C3C-AA2A-76AAD59B60AA}.Release|x64.Build.0 = Release|Any CPU
		{05A67774-A0E0-4C3C-AA2A-76AAD59B60AA}.Release|x86.ActiveCfg = Release|Any CPU
		{05A67774-A0E0-4C3C-AA2A-76AAD59B60AA}.Release|x86.Build.0 = Release|Any CPU
	EndGlobalSection
	GlobalSection(SolutionProperties) = preSolution
		HideSolutionNode = FALSE
	EndGlobalSection
	GlobalSection(ExtensibilityGlobals) = postSolution
		SolutionGuid = {762158C2-59A3-4CAB-816F-6AE64D4269FB}
	EndGlobalSection
EndGlobal
